
Microsoft Visual Studio Solution File, Format Version 12.00
# Visual Studio Version 16
VisualStudioVersion = 16.0.29306.81
MinimumVisualStudioVersion = 10.0.40219.1
Project("{FAE04EC0-301F-11D3-BF4B-00C04F79EFBC}") = "OOP_Lab3.2", "OOP_Lab3.2\OOP_Lab3.2.csproj", "{2A87FA77-E07B-4B25-B116-FF21E86EC900}"
EndProject
Global
	GlobalSection(SolutionConfigurationPlatforms) = preSolution
		Debug|Any CPU = Debug|Any CPU
		Release|Any CPU = Release|Any CPU
	EndGlobalSection
	GlobalSection(ProjectConfigurationPlatforms) = postSolution
		{2A87FA77-E07B-4B25-B116-FF21E86EC900}.Debug|Any CPU.ActiveCfg = Debug|Any CPU
		{2A87FA77-E07B-4B25-B116-FF21E86EC900}.Debug|Any CPU.Build.0 = Debug|Any CPU
		{2A87FA77-E07B-4B25-B116-FF21E86EC900}.Release|Any CPU.ActiveCfg = Release|Any CPU
		{2A87FA77-E07B-4B25-B116-FF21E86EC900}.Release|Any CPU.Build.0 = Release|Any CPU
	EndGlobalSection
	GlobalSection(SolutionProperties) = preSolution
		HideSolutionNode = FALSE
	EndGlobalSection
	GlobalSection(ExtensibilityGlobals) = postSolution
		SolutionGuid = {0EE5C54A-25BE-400A-8C49-7ACB5DB999A1}
	EndGlobalSection
EndGlobal
